
Microsoft Visual Studio Solution File, Format Version 12.00
# Visual Studio Version 17
VisualStudioVersion = 17.7.34202.233
MinimumVisualStudioVersion = 10.0.40219.1
Project("{FAE04EC0-301F-11D3-BF4B-00C04F79EFBC}") = "ImageClassify", "ImageClassify.csproj", "{CEC1E115-3EEF-4E0E-8087-1A23F7490E15}"
EndProject
Global
	GlobalSection(SolutionConfigurationPlatforms) = preSolution
		Debug|Any CPU = Debug|Any CPU
		Release|Any CPU = Release|Any CPU
	EndGlobalSection
	GlobalSection(ProjectConfigurationPlatforms) = postSolution
		{CEC1E115-3EEF-4E0E-8087-1A23F7490E15}.Debug|Any CPU.ActiveCfg = Debug|Any CPU
		{CEC1E115-3EEF-4E0E-8087-1A23F7490E15}.Debug|Any CPU.Build.0 = Debug|Any CPU
		{CEC1E115-3EEF-4E0E-8087-1A23F7490E15}.Release|Any CPU.ActiveCfg = Release|Any CPU
		{CEC1E115-3EEF-4E0E-8087-1A23F7490E15}.Release|Any CPU.Build.0 = Release|Any CPU
	EndGlobalSection
	GlobalSection(SolutionProperties) = preSolution
		HideSolutionNode = FALSE
	EndGlobalSection
	GlobalSection(ExtensibilityGlobals) = postSolution
		SolutionGuid = {9C669B3B-36B6-4EED-8D5A-B42AA1FB61A7}
	EndGlobalSection
EndGlobal
